
Microsoft Visual Studio Solution File, Format Version 12.00
# Visual Studio 15
Project("{FAE04EC0-301F-11D3-BF4B-00C04F79EFBC}") = "Assembly-CSharp", "Assembly-CSharp.csproj", "{DCDBE1D9-2999-7087-72C8-45815A9D2158}"
EndProject
Project("{FAE04EC0-301F-11D3-BF4B-00C04F79EFBC}") = "Assembly-CSharp-Editor", "Assembly-CSharp-Editor.csproj", "{26321772-CB81-78F8-F0C4-3597622EA69E}"
EndProject
Project("{FAE04EC0-301F-11D3-BF4B-00C04F79EFBC}") = "ALP8310_ControllerGlobal", "ALP8310_ControllerGlobal.csproj", "{0D9C0B87-4EFC-4B5B-B626-40265A9C950A}"
EndProject
Project("{FAE04EC0-301F-11D3-BF4B-00C04F79EFBC}") = "ALP8310_ControllerGlobal.Editor", "ALP8310_ControllerGlobal.Editor.csproj", "{2AC247D1-D2BA-B6B8-F55C-DA47318BD27F}"
EndProject
Global
	GlobalSection(SolutionConfigurationPlatforms) = preSolution
		Debug|Any CPU = Debug|Any CPU
		Release|Any CPU = Release|Any CPU
	EndGlobalSection
	GlobalSection(ProjectConfigurationPlatforms) = postSolution
		{DCDBE1D9-2999-7087-72C8-45815A9D2158}.Debug|Any CPU.ActiveCfg = Debug|Any CPU
		{DCDBE1D9-2999-7087-72C8-45815A9D2158}.Debug|Any CPU.Build.0 = Debug|Any CPU
		{DCDBE1D9-2999-7087-72C8-45815A9D2158}.Release|Any CPU.ActiveCfg = Release|Any CPU
		{DCDBE1D9-2999-7087-72C8-45815A9D2158}.Release|Any CPU.Build.0 = Release|Any CPU
		{26321772-CB81-78F8-F0C4-3597622EA69E}.Debug|Any CPU.ActiveCfg = Debug|Any CPU
		{26321772-CB81-78F8-F0C4-3597622EA69E}.Debug|Any CPU.Build.0 = Debug|Any CPU
		{26321772-CB81-78F8-F0C4-3597622EA69E}.Release|Any CPU.ActiveCfg = Release|Any CPU
		{26321772-CB81-78F8-F0C4-3597622EA69E}.Release|Any CPU.Build.0 = Release|Any CPU
		{0D9C0B87-4EFC-4B5B-B626-40265A9C950A}.Debug|Any CPU.ActiveCfg = Debug|Any CPU
		{0D9C0B87-4EFC-4B5B-B626-40265A9C950A}.Debug|Any CPU.Build.0 = Debug|Any CPU
		{0D9C0B87-4EFC-4B5B-B626-40265A9C950A}.Release|Any CPU.ActiveCfg = Release|Any CPU
		{0D9C0B87-4EFC-4B5B-B626-40265A9C950A}.Release|Any CPU.Build.0 = Release|Any CPU
		{2AC247D1-D2BA-B6B8-F55C-DA47318BD27F}.Debug|Any CPU.ActiveCfg = Debug|Any CPU
		{2AC247D1-D2BA-B6B8-F55C-DA47318BD27F}.Debug|Any CPU.Build.0 = Debug|Any CPU
		{2AC247D1-D2BA-B6B8-F55C-DA47318BD27F}.Release|Any CPU.ActiveCfg = Release|Any CPU
		{2AC247D1-D2BA-B6B8-F55C-DA47318BD27F}.Release|Any CPU.Build.0 = Release|Any CPU
	EndGlobalSection
	GlobalSection(SolutionProperties) = preSolution
		HideSolutionNode = FALSE
	EndGlobalSection
EndGlobal
